
Microsoft Visual Studio Solution File, Format Version 12.00
# Visual Studio Version 17
VisualStudioVersion = 17.10.35013.160
MinimumVisualStudioVersion = 10.0.40219.1
Project("{9A19103F-16F7-4668-BE54-9A1E7A4F7556}") = "ytgenerator", "ytgenerator\ytgenerator.csproj", "{90DB43A6-3F9A-443B-8148-379EB076B441}"
EndProject
Project("{9A19103F-16F7-4668-BE54-9A1E7A4F7556}") = "ytgenerator.Client", "ytgenerator.Client\ytgenerator.Client.csproj", "{490A92D2-30C7-4622-A419-9E90438D0A28}"
EndProject
Project("{9A19103F-16F7-4668-BE54-9A1E7A4F7556}") = "ytgenerator.Shared", "ytgenerator.Shared\ytgenerator.Shared.csproj", "{4002243B-FE63-43C6-B9DC-C8EB94E79B95}"
EndProject
Global
	GlobalSection(SolutionConfigurationPlatforms) = preSolution
		Debug|Any CPU = Debug|Any CPU
		Release|Any CPU = Release|Any CPU
	EndGlobalSection
	GlobalSection(ProjectConfigurationPlatforms) = postSolution
		{90DB43A6-3F9A-443B-8148-379EB076B441}.Debug|Any CPU.ActiveCfg = Debug|Any CPU
		{90DB43A6-3F9A-443B-8148-379EB076B441}.Debug|Any CPU.Build.0 = Debug|Any CPU
		{90DB43A6-3F9A-443B-8148-379EB076B441}.Release|Any CPU.ActiveCfg = Release|Any CPU
		{90DB43A6-3F9A-443B-8148-379EB076B441}.Release|Any CPU.Build.0 = Release|Any CPU
		{490A92D2-30C7-4622-A419-9E90438D0A28}.Debug|Any CPU.ActiveCfg = Debug|Any CPU
		{490A92D2-30C7-4622-A419-9E90438D0A28}.Debug|Any CPU.Build.0 = Debug|Any CPU
		{490A92D2-30C7-4622-A419-9E90438D0A28}.Release|Any CPU.ActiveCfg = Release|Any CPU
		{490A92D2-30C7-4622-A419-9E90438D0A28}.Release|Any CPU.Build.0 = Release|Any CPU
		{4002243B-FE63-43C6-B9DC-C8EB94E79B95}.Debug|Any CPU.ActiveCfg = Debug|Any CPU
		{4002243B-FE63-43C6-B9DC-C8EB94E79B95}.Debug|Any CPU.Build.0 = Debug|Any CPU
		{4002243B-FE63-43C6-B9DC-C8EB94E79B95}.Release|Any CPU.ActiveCfg = Release|Any CPU
		{4002243B-FE63-43C6-B9DC-C8EB94E79B95}.Release|Any CPU.Build.0 = Release|Any CPU
	EndGlobalSection
	GlobalSection(SolutionProperties) = preSolution
		HideSolutionNode = FALSE
	EndGlobalSection
	GlobalSection(ExtensibilityGlobals) = postSolution
		SolutionGuid = {EF480C16-FAF2-4D59-8DFB-B8A84620644C}
	EndGlobalSection
EndGlobal
